
Microsoft Visual Studio Solution File, Format Version 12.00
# Visual Studio Version 16
VisualStudioVersion = 16.0.29123.88
MinimumVisualStudioVersion = 10.0.40219.1
Project("{FAE04EC0-301F-11D3-BF4B-00C04F79EFBC}") = "Cw1", "Cw1.csproj", "{B9F303FA-A2D7-43D4-BC29-55D555EA6BEB}"
EndProject
Global
	GlobalSection(SolutionConfigurationPlatforms) = preSolution
		Debug|Any CPU = Debug|Any CPU
		Release|Any CPU = Release|Any CPU
	EndGlobalSection
	GlobalSection(ProjectConfigurationPlatforms) = postSolution
		{B9F303FA-A2D7-43D4-BC29-55D555EA6BEB}.Debug|Any CPU.ActiveCfg = Debug|Any CPU
		{B9F303FA-A2D7-43D4-BC29-55D555EA6BEB}.Debug|Any CPU.Build.0 = Debug|Any CPU
		{B9F303FA-A2D7-43D4-BC29-55D555EA6BEB}.Release|Any CPU.ActiveCfg = Release|Any CPU
		{B9F303FA-A2D7-43D4-BC29-55D555EA6BEB}.Release|Any CPU.Build.0 = Release|Any CPU
	EndGlobalSection
	GlobalSection(SolutionProperties) = preSolution
		HideSolutionNode = FALSE
	EndGlobalSection
	GlobalSection(ExtensibilityGlobals) = postSolution
		SolutionGuid = {3D8B675D-78B3-4F0A-A28C-FA22AA3F2341}
	EndGlobalSection
EndGlobal
